// !$*UTF8*$!
{
	archiveVersion = 1;
	classes = {
	};
	objectVersion = 46;
	objects = {

/* Begin PBXBuildFile section */
		C6C3703E18EE1CD300996FAC /* Foundation.framework in Frameworks */ = {isa = PBXBuildFile; fileRef = C6C3703D18EE1CD300996FAC /* Foundation.framework */; };
		C6C3704018EE1CD300996FAC /* CoreGraphics.framework in Frameworks */ = {isa = PBXBuildFile; fileRef = C6C3703F18EE1CD300996FAC /* CoreGraphics.framework */; };
		C6C3704218EE1CD300996FAC /* UIKit.framework in Frameworks */ = {isa = PBXBuildFile; fileRef = C6C3704118EE1CD300996FAC /* UIKit.framework */; };
		C6C3704818EE1CD300996FAC /* InfoPlist.strings in Resources */ = {isa = PBXBuildFile; fileRef = C6C3704618EE1CD300996FAC /* InfoPlist.strings */; };
		C6C3704A18EE1CD300996FAC /* main.m in Sources */ = {isa = PBXBuildFile; fileRef = C6C3704918EE1CD300996FAC /* main.m */; };
		C6C3704E18EE1CD300996FAC /* RDAppDelegate.m in Sources */ = {isa = PBXBuildFile; fileRef = C6C3704D18EE1CD300996FAC /* RDAppDelegate.m */; };
		C6C3705118EE1CD300996FAC /* Main_iPhone.storyboard in Resources */ = {isa = PBXBuildFile; fileRef = C6C3704F18EE1CD300996FAC /* Main_iPhone.storyboard */; };
		C6C3705418EE1CD300996FAC /* Main_iPad.storyboard in Resources */ = {isa = PBXBuildFile; fileRef = C6C3705218EE1CD300996FAC /* Main_iPad.storyboard */; };
		C6C3705918EE1CD300996FAC /* Images.xcassets in Resources */ = {isa = PBXBuildFile; fileRef = C6C3705818EE1CD300996FAC /* Images.xcassets */; };
		C6C3706018EE1CD300996FAC /* XCTest.framework in Frameworks */ = {isa = PBXBuildFile; fileRef = C6C3705F18EE1CD300996FAC /* XCTest.framework */; };
		C6C3706118EE1CD300996FAC /* Foundation.framework in Frameworks */ = {isa = PBXBuildFile; fileRef = C6C3703D18EE1CD300996FAC /* Foundation.framework */; };
		C6C3706218EE1CD300996FAC /* UIKit.framework in Frameworks */ = {isa = PBXBuildFile; fileRef = C6C3704118EE1CD300996FAC /* UIKit.framework */; };
		C6C3706A18EE1CD300996FAC /* InfoPlist.strings in Resources */ = {isa = PBXBuildFile; fileRef = C6C3706818EE1CD300996FAC /* InfoPlist.strings */; };
		C6C3706C18EE1CD300996FAC /* RDMasterDetailTests.m in Sources */ = {isa = PBXBuildFile; fileRef = C6C3706B18EE1CD300996FAC /* RDMasterDetailTests.m */; };
		C6C3707918EE1D0700996FAC /* DetailViewController.m in Sources */ = {isa = PBXBuildFile; fileRef = C6C3707618EE1D0700996FAC /* DetailViewController.m */; };
		C6C3707A18EE1D0700996FAC /* MasterDetailController.m in Sources */ = {isa = PBXBuildFile; fileRef = C6C3707818EE1D0700996FAC /* MasterDetailController.m */; };
/* End PBXBuildFile section */

/* Begin PBXContainerItemProxy section */
		C6C3706318EE1CD300996FAC /* PBXContainerItemProxy */ = {
			isa = PBXContainerItemProxy;
			containerPortal = C6C3703218EE1CD300996FAC /* Project object */;
			proxyType = 1;
			remoteGlobalIDString = C6C3703918EE1CD300996FAC;
			remoteInfo = RDMasterDetail;
		};
/* End PBXContainerItemProxy section */

/* Begin PBXFileReference section */
		C6C3703A18EE1CD300996FAC /* RDMasterDetail.app */ = {isa = PBXFileReference; explicitFileType = wrapper.application; includeInIndex = 0; path = RDMasterDetail.app; sourceTree = BUILT_PRODUCTS_DIR; };
		C6C3703D18EE1CD300996FAC /* Foundation.framework */ = {isa = PBXFileReference; lastKnownFileType = wrapper.framework; name = Foundation.framework; path = System/Library/Frameworks/Foundation.framework; sourceTree = SDKROOT; };
		C6C3703F18EE1CD300996FAC /* CoreGraphics.framework */ = {isa = PBXFileReference; lastKnownFileType = wrapper.framework; name = CoreGraphics.framework; path = System/Library/Frameworks/CoreGraphics.framework; sourceTree = SDKROOT; };
		C6C3704118EE1CD300996FAC /* UIKit.framework */ = {isa = PBXFileReference; lastKnownFileType = wrapper.framework; name = UIKit.framework; path = System/Library/Frameworks/UIKit.framework; sourceTree = SDKROOT; };
		C6C3704518EE1CD300996FAC /* RDMasterDetail-Info.plist */ = {isa = PBXFileReference; lastKnownFileType = text.plist.xml; path = "RDMasterDetail-Info.plist"; sourceTree = "<group>"; };
		C6C3704718EE1CD300996FAC /* en */ = {isa = PBXFileReference; lastKnownFileType = text.plist.strings; name = en; path = en.lproj/InfoPlist.strings; sourceTree = "<group>"; };
		C6C3704918EE1CD300996FAC /* main.m */ = {isa = PBXFileReference; lastKnownFileType = sourcecode.c.objc; path = main.m; sourceTree = "<group>"; };
		C6C3704B18EE1CD300996FAC /* RDMasterDetail-Prefix.pch */ = {isa = PBXFileReference; lastKnownFileType = sourcecode.c.h; path = "RDMasterDetail-Prefix.pch"; sourceTree = "<group>"; };
		C6C3704C18EE1CD300996FAC /* RDAppDelegate.h */ = {isa = PBXFileReference; lastKnownFileType = sourcecode.c.h; path = RDAppDelegate.h; sourceTree = "<group>"; };
		C6C3704D18EE1CD300996FAC /* RDAppDelegate.m */ = {isa = PBXFileReference; lastKnownFileType = sourcecode.c.objc; path = RDAppDelegate.m; sourceTree = "<group>"; };
		C6C3705018EE1CD300996FAC /* Base */ = {isa = PBXFileReference; lastKnownFileType = file.storyboard; name = Base; path = Base.lproj/Main_iPhone.storyboard; sourceTree = "<group>"; };
		C6C3705318EE1CD300996FAC /* Base */ = {isa = PBXFileReference; lastKnownFileType = file.storyboard; name = Base; path = Base.lproj/Main_iPad.storyboard; sourceTree = "<group>"; };
		C6C3705818EE1CD300996FAC /* Images.xcassets */ = {isa = PBXFileReference; lastKnownFileType = folder.assetcatalog; path = Images.xcassets; sourceTree = "<group>"; };
		C6C3705E18EE1CD300996FAC /* RDMasterDetailTests.xctest */ = {isa = PBXFileReference; explicitFileType = wrapper.cfbundle; includeInIndex = 0; path = RDMasterDetailTests.xctest; sourceTree = BUILT_PRODUCTS_DIR; };
		C6C3705F18EE1CD300996FAC /* XCTest.framework */ = {isa = PBXFileReference; lastKnownFileType = wrapper.framework; name = XCTest.framework; path = Library/Frameworks/XCTest.framework; sourceTree = DEVELOPER_DIR; };
		C6C3706718EE1CD300996FAC /* RDMasterDetailTests-Info.plist */ = {isa = PBXFileReference; lastKnownFileType = text.plist.xml; path = "RDMasterDetailTests-Info.plist"; sourceTree = "<group>"; };
		C6C3706918EE1CD300996FAC /* en */ = {isa = PBXFileReference; lastKnownFileType = text.plist.strings; name = en; path = en.lproj/InfoPlist.strings; sourceTree = "<group>"; };
		C6C3706B18EE1CD300996FAC /* RDMasterDetailTests.m */ = {isa = PBXFileReference; lastKnownFileType = sourcecode.c.objc; path = RDMasterDetailTests.m; sourceTree = "<group>"; };
		C6C3707518EE1D0700996FAC /* DetailViewController.h */ = {isa = PBXFileReference; fileEncoding = 4; lastKnownFileType = sourcecode.c.h; path = DetailViewController.h; sourceTree = "<group>"; };
		C6C3707618EE1D0700996FAC /* DetailViewController.m */ = {isa = PBXFileReference; fileEncoding = 4; lastKnownFileType = sourcecode.c.objc; path = DetailViewController.m; sourceTree = "<group>"; };
		C6C3707718EE1D0700996FAC /* MasterDetailController.h */ = {isa = PBXFileReference; fileEncoding = 4; lastKnownFileType = sourcecode.c.h; path = MasterDetailController.h; sourceTree = "<group>"; };
		C6C3707818EE1D0700996FAC /* MasterDetailController.m */ = {isa = PBXFileReference; fileEncoding = 4; lastKnownFileType = sourcecode.c.objc; path = MasterDetailController.m; sourceTree = "<group>"; };
/* End PBXFileReference section */

/* Begin PBXFrameworksBuildPhase section */
		C6C3703718EE1CD300996FAC /* Frameworks */ = {
			isa = PBXFrameworksBuildPhase;
			buildActionMask = 2147483647;
			files = (
				C6C3704018EE1CD300996FAC /* CoreGraphics.framework in Frameworks */,
				C6C3704218EE1CD300996FAC /* UIKit.framework in Frameworks */,
				C6C3703E18EE1CD300996FAC /* Foundation.framework in Frameworks */,
			);
			runOnlyForDeploymentPostprocessing = 0;
		};
		C6C3705B18EE1CD300996FAC /* Frameworks */ = {
			isa = PBXFrameworksBuildPhase;
			buildActionMask = 2147483647;
			files = (
				C6C3706018EE1CD300996FAC /* XCTest.framework in Frameworks */,
				C6C3706218EE1CD300996FAC /* UIKit.framework in Frameworks */,
				C6C3706118EE1CD300996FAC /* Foundation.framework in Frameworks */,
			);
			runOnlyForDeploymentPostprocessing = 0;
		};
/* End PBXFrameworksBuildPhase section */

/* Begin PBXGroup section */
		C6C3703118EE1CD300996FAC = {
			isa = PBXGroup;
			children = (
				C6C3704318EE1CD300996FAC /* RDMasterDetail */,
				C6C3706518EE1CD300996FAC /* RDMasterDetailTests */,
				C6C3703C18EE1CD300996FAC /* Frameworks */,
				C6C3703B18EE1CD300996FAC /* Products */,
			);
			sourceTree = "<group>";
		};
		C6C3703B18EE1CD300996FAC /* Products */ = {
			isa = PBXGroup;
			children = (
				C6C3703A18EE1CD300996FAC /* RDMasterDetail.app */,
				C6C3705E18EE1CD300996FAC /* RDMasterDetailTests.xctest */,
			);
			name = Products;
			sourceTree = "<group>";
		};
		C6C3703C18EE1CD300996FAC /* Frameworks */ = {
			isa = PBXGroup;
			children = (
				C6C3703D18EE1CD300996FAC /* Foundation.framework */,
				C6C3703F18EE1CD300996FAC /* CoreGraphics.framework */,
				C6C3704118EE1CD300996FAC /* UIKit.framework */,
				C6C3705F18EE1CD300996FAC /* XCTest.framework */,
			);
			name = Frameworks;
			sourceTree = "<group>";
		};
		C6C3704318EE1CD300996FAC /* RDMasterDetail */ = {
			isa = PBXGroup;
			children = (
				C6C3707518EE1D0700996FAC /* DetailViewController.h */,
				C6C3707618EE1D0700996FAC /* DetailViewController.m */,
				C6C3707718EE1D0700996FAC /* MasterDetailController.h */,
				C6C3707818EE1D0700996FAC /* MasterDetailController.m */,
				C6C3704C18EE1CD300996FAC /* RDAppDelegate.h */,
				C6C3704D18EE1CD300996FAC /* RDAppDelegate.m */,
				C6C3704F18EE1CD300996FAC /* Main_iPhone.storyboard */,
				C6C3705218EE1CD300996FAC /* Main_iPad.storyboard */,
				C6C3705818EE1CD300996FAC /* Images.xcassets */,
				C6C3704418EE1CD300996FAC /* Supporting Files */,
			);
			path = RDMasterDetail;
			sourceTree = "<group>";
		};
		C6C3704418EE1CD300996FAC /* Supporting Files */ = {
			isa = PBXGroup;
			children = (
				C6C3704518EE1CD300996FAC /* RDMasterDetail-Info.plist */,
				C6C3704618EE1CD300996FAC /* InfoPlist.strings */,
				C6C3704918EE1CD300996FAC /* main.m */,
				C6C3704B18EE1CD300996FAC /* RDMasterDetail-Prefix.pch */,
			);
			name = "Supporting Files";
			sourceTree = "<group>";
		};
		C6C3706518EE1CD300996FAC /* RDMasterDetailTests */ = {
			isa = PBXGroup;
			children = (
				C6C3706B18EE1CD300996FAC /* RDMasterDetailTests.m */,
				C6C3706618EE1CD300996FAC /* Supporting Files */,
			);
			path = RDMasterDetailTests;
			sourceTree = "<group>";
		};
		C6C3706618EE1CD300996FAC /* Supporting Files */ = {
			isa = PBXGroup;
			children = (
				C6C3706718EE1CD300996FAC /* RDMasterDetailTests-Info.plist */,
				C6C3706818EE1CD300996FAC /* InfoPlist.strings */,
			);
			name = "Supporting Files";
			sourceTree = "<group>";
		};
/* End PBXGroup section */

/* Begin PBXNativeTarget section */
		C6C3703918EE1CD300996FAC /* RDMasterDetail */ = {
			isa = PBXNativeTarget;
			buildConfigurationList = C6C3706F18EE1CD300996FAC /* Build configuration list for PBXNativeTarget "RDMasterDetail" */;
			buildPhases = (
				C6C3703618EE1CD300996FAC /* Sources */,
				C6C3703718EE1CD300996FAC /* Frameworks */,
				C6C3703818EE1CD300996FAC /* Resources */,
			);
			buildRules = (
			);
			dependencies = (
			);
			name = RDMasterDetail;
			productName = RDMasterDetail;
			productReference = C6C3703A18EE1CD300996FAC /* RDMasterDetail.app */;
			productType = "com.apple.product-type.application";
		};
		C6C3705D18EE1CD300996FAC /* RDMasterDetailTests */ = {
			isa = PBXNativeTarget;
			buildConfigurationList = C6C3707218EE1CD300996FAC /* Build configuration list for PBXNativeTarget "RDMasterDetailTests" */;
			buildPhases = (
				C6C3705A18EE1CD300996FAC /* Sources */,
				C6C3705B18EE1CD300996FAC /* Frameworks */,
				C6C3705C18EE1CD300996FAC /* Resources */,
			);
			buildRules = (
			);
			dependencies = (
				C6C3706418EE1CD300996FAC /* PBXTargetDependency */,
			);
			name = RDMasterDetailTests;
			productName = RDMasterDetailTests;
			productReference = C6C3705E18EE1CD300996FAC /* RDMasterDetailTests.xctest */;
			productType = "com.apple.product-type.bundle.unit-test";
		};
/* End PBXNativeTarget section */

/* Begin PBXProject section */
		C6C3703218EE1CD300996FAC /* Project object */ = {
			isa = PBXProject;
			attributes = {
				CLASSPREFIX = RD;
				LastUpgradeCheck = 0510;
				ORGANIZATIONNAME = "Zakk Hoyt";
				TargetAttributes = {
					C6C3705D18EE1CD300996FAC = {
						TestTargetID = C6C3703918EE1CD300996FAC;
					};
				};
			};
			buildConfigurationList = C6C3703518EE1CD300996FAC /* Build configuration list for PBXProject "RDMasterDetail" */;
			compatibilityVersion = "Xcode 3.2";
			developmentRegion = English;
			hasScannedForEncodings = 0;
			knownRegions = (
				en,
				Base,
			);
			mainGroup = C6C3703118EE1CD300996FAC;
			productRefGroup = C6C3703B18EE1CD300996FAC /* Products */;
			projectDirPath = "";
			projectRoot = "";
			targets = (
				C6C3703918EE1CD300996FAC /* RDMasterDetail */,
				C6C3705D18EE1CD300996FAC /* RDMasterDetailTests */,
			);
		};
/* End PBXProject section */

/* Begin PBXResourcesBuildPhase section */
		C6C3703818EE1CD300996FAC /* Resources */ = {
			isa = PBXResourcesBuildPhase;
			buildActionMask = 2147483647;
			files = (
				C6C3705418EE1CD300996FAC /* Main_iPad.storyboard in Resources */,
				C6C3705918EE1CD300996FAC /* Images.xcassets in Resources */,
				C6C3705118EE1CD300996FAC /* Main_iPhone.storyboard in Resources */,
				C6C3704818EE1CD300996FAC /* InfoPlist.strings in Resources */,
			);
			runOnlyForDeploymentPostprocessing = 0;
		};
		C6C3705C18EE1CD300996FAC /* Resources */ = {
			isa = PBXResourcesBuildPhase;
			buildActionMask = 2147483647;
			files = (
				C6C3706A18EE1CD300996FAC /* InfoPlist.strings in Resources */,
			);
			runOnlyForDeploymentPostprocessing = 0;
		};
/* End PBXResourcesBuildPhase section */

/* Begin PBXSourcesBuildPhase section */
		C6C3703618EE1CD300996FAC /* Sources */ = {
			isa = PBXSourcesBuildPhase;
			buildActionMask = 2147483647;
			files = (
				C6C3704E18EE1CD300996FAC /* RDAppDelegate.m in Sources */,
				C6C3704A18EE1CD300996FAC /* main.m in Sources */,
				C6C3707A18EE1D0700996FAC /* MasterDetailController.m in Sources */,
				C6C3707918EE1D0700996FAC /* DetailViewController.m in Sources */,
			);
			runOnlyForDeploymentPostprocessing = 0;
		};
		C6C3705A18EE1CD300996FAC /* Sources */ = {
			isa = PBXSourcesBuildPhase;
			buildActionMask = 2147483647;
			files = (
				C6C3706C18EE1CD300996FAC /* RDMasterDetailTests.m in Sources */,
			);
			runOnlyForDeploymentPostprocessing = 0;
		};
/* End PBXSourcesBuildPhase section */

/* Begin PBXTargetDependency section */
		C6C3706418EE1CD300996FAC /* PBXTargetDependency */ = {
			isa = PBXTargetDependency;
			target = C6C3703918EE1CD300996FAC /* RDMasterDetail */;
			targetProxy = C6C3706318EE1CD300996FAC /* PBXContainerItemProxy */;
		};
/* End PBXTargetDependency section */

/* Begin PBXVariantGroup section */
		C6C3704618EE1CD300996FAC /* InfoPlist.strings */ = {
			isa = PBXVariantGroup;
			children = (
				C6C3704718EE1CD300996FAC /* en */,
			);
			name = InfoPlist.strings;
			sourceTree = "<group>";
		};
		C6C3704F18EE1CD300996FAC /* Main_iPhone.storyboard */ = {
			isa = PBXVariantGroup;
			children = (
				C6C3705018EE1CD300996FAC /* Base */,
			);
			name = Main_iPhone.storyboard;
			sourceTree = "<group>";
		};
		C6C3705218EE1CD300996FAC /* Main_iPad.storyboard */ = {
			isa = PBXVariantGroup;
			children = (
				C6C3705318EE1CD300996FAC /* Base */,
			);
			name = Main_iPad.storyboard;
			sourceTree = "<group>";
		};
		C6C3706818EE1CD300996FAC /* InfoPlist.strings */ = {
			isa = PBXVariantGroup;
			children = (
				C6C3706918EE1CD300996FAC /* en */,
			);
			name = InfoPlist.strings;
			sourceTree = "<group>";
		};
/* End PBXVariantGroup section */

/* Begin XCBuildConfiguration section */
		C6C3706D18EE1CD300996FAC /* Debug */ = {
			isa = XCBuildConfiguration;
			buildSettings = {
				ALWAYS_SEARCH_USER_PATHS = NO;
				CLANG_CXX_LANGUAGE_STANDARD = "gnu++0x";
				CLANG_CXX_LIBRARY = "libc++";
				CLANG_ENABLE_MODULES = YES;
				CLANG_ENABLE_OBJC_ARC = YES;
				CLANG_WARN_BOOL_CONVERSION = YES;
				CLANG_WARN_CONSTANT_CONVERSION = YES;
				CLANG_WARN_DIRECT_OBJC_ISA_USAGE = YES_ERROR;
				CLANG_WARN_EMPTY_BODY = YES;
				CLANG_WARN_ENUM_CONVERSION = YES;
				CLANG_WARN_INT_CONVERSION = YES;
				CLANG_WARN_OBJC_ROOT_CLASS = YES_ERROR;
				CLANG_WARN__DUPLICATE_METHOD_MATCH = YES;
				"CODE_SIGN_IDENTITY[sdk=iphoneos*]" = "iPhone Developer";
				COPY_PHASE_STRIP = NO;
				GCC_C_LANGUAGE_STANDARD = gnu99;
				GCC_DYNAMIC_NO_PIC = NO;
				GCC_OPTIMIZATION_LEVEL = 0;
				GCC_PREPROCESSOR_DEFINITIONS = (
					"DEBUG=1",
					"$(inherited)",
				);
				GCC_SYMBOLS_PRIVATE_EXTERN = NO;
				GCC_WARN_64_TO_32_BIT_CONVERSION = YES;
				GCC_WARN_ABOUT_RETURN_TYPE = YES_ERROR;
				GCC_WARN_UNDECLARED_SELECTOR = YES;
				GCC_WARN_UNINITIALIZED_AUTOS = YES_AGGRESSIVE;
				GCC_WARN_UNUSED_FUNCTION = YES;
				GCC_WARN_UNUSED_VARIABLE = YES;
				IPHONEOS_DEPLOYMENT_TARGET = 7.1;
				ONLY_ACTIVE_ARCH = YES;
				SDKROOT = iphoneos;
				TARGETED_DEVICE_FAMILY = "1,2";
			};
			name = Debug;
		};
		C6C3706E18EE1CD300996FAC /* Release */ = {
			isa = XCBuildConfiguration;
			buildSettings = {
				ALWAYS_SEARCH_USER_PATHS = NO;
				CLANG_CXX_LANGUAGE_STANDARD = "gnu++0x";
				CLANG_CXX_LIBRARY = "libc++";
				CLANG_ENABLE_MODULES = YES;
				CLANG_ENABLE_OBJC_ARC = YES;
				CLANG_WARN_BOOL_CONVERSION = YES;
				CLANG_WARN_CONSTANT_CONVERSION = YES;
				CLANG_WARN_DIRECT_OBJC_ISA_USAGE = YES_ERROR;
				CLANG_WARN_EMPTY_BODY = YES;
				CLANG_WARN_ENUM_CONVERSION = YES;
				CLANG_WARN_INT_CONVERSION = YES;
				CLANG_WARN_OBJC_ROOT_CLASS = YES_ERROR;
				CLANG_WARN__DUPLICATE_METHOD_MATCH = YES;
				"CODE_SIGN_IDENTITY[sdk=iphoneos*]" = "iPhone Developer";
				COPY_PHASE_STRIP = YES;
				ENABLE_NS_ASSERTIONS = NO;
				GCC_C_LANGUAGE_STANDARD = gnu99;
				GCC_WARN_64_TO_32_BIT_CONVERSION = YES;
				GCC_WARN_ABOUT_RETURN_TYPE = YES_ERROR;
				GCC_WARN_UNDECLARED_SELECTOR = YES;
				GCC_WARN_UNINITIALIZED_AUTOS = YES_AGGRESSIVE;
				GCC_WARN_UNUSED_FUNCTION = YES;
				GCC_WARN_UNUSED_VARIABLE = YES;
				IPHONEOS_DEPLOYMENT_TARGET = 7.1;
				SDKROOT = iphoneos;
				TARGETED_DEVICE_FAMILY = "1,2";
				VALIDATE_PRODUCT = YES;
			};
			name = Release;
		};
		C6C3707018EE1CD300996FAC /* Debug */ = {
			isa = XCBuildConfiguration;
			buildSettings = {
				ASSETCATALOG_COMPILER_APPICON_NAME = AppIcon;
				ASSETCATALOG_COMPILER_LAUNCHIMAGE_NAME = LaunchImage;
				GCC_PRECOMPILE_PREFIX_HEADER = YES;
				GCC_PREFIX_HEADER = "RDMasterDetail/RDMasterDetail-Prefix.pch";
				INFOPLIST_FILE = "RDMasterDetail/RDMasterDetail-Info.plist";
				PRODUCT_NAME = "$(TARGET_NAME)";
				WRAPPER_EXTENSION = app;
			};
			name = Debug;
		};
		C6C3707118EE1CD300996FAC /* Release */ = {
			isa = XCBuildConfiguration;
			buildSettings = {
				ASSETCATALOG_COMPILER_APPICON_NAME = AppIcon;
				ASSETCATALOG_COMPILER_LAUNCHIMAGE_NAME = LaunchImage;
				GCC_PRECOMPILE_PREFIX_HEADER = YES;
				GCC_PREFIX_HEADER = "RDMasterDetail/RDMasterDetail-Prefix.pch";
				INFOPLIST_FILE = "RDMasterDetail/RDMasterDetail-Info.plist";
				PRODUCT_NAME = "$(TARGET_NAME)";
				WRAPPER_EXTENSION = app;
			};
			name = Release;
		};
		C6C3707318EE1CD300996FAC /* Debug */ = {
			isa = XCBuildConfiguration;
			buildSettings = {
				BUNDLE_LOADER = "$(BUILT_PRODUCTS_DIR)/RDMasterDetail.app/RDMasterDetail";
				FRAMEWORK_SEARCH_PATHS = (
					"$(SDKROOT)/Developer/Library/Frameworks",
					"$(inherited)",
					"$(DEVELOPER_FRAMEWORKS_DIR)",
				);
				GCC_PRECOMPILE_PREFIX_HEADER = YES;
				GCC_PREFIX_HEADER = "RDMasterDetail/RDMasterDetail-Prefix.pch";
				GCC_PREPROCESSOR_DEFINITIONS = (
					"DEBUG=1",
					"$(inherited)",
				);
				INFOPLIST_FILE = "RDMasterDetailTests/RDMasterDetailTests-Info.plist";
				PRODUCT_NAME = "$(TARGET_NAME)";
				TEST_HOST = "$(BUNDLE_LOADER)";
				WRAPPER_EXTENSION = xctest;
			};
			name = Debug;
		};
		C6C3707418EE1CD300996FAC /* Release */ = {
			isa = XCBuildConfiguration;
			buildSettings = {
				BUNDLE_LOADER = "$(BUILT_PRODUCTS_DIR)/RDMasterDetail.app/RDMasterDetail";
				FRAMEWORK_SEARCH_PATHS = (
					"$(SDKROOT)/Developer/Library/Frameworks",
					"$(inherited)",
					"$(DEVELOPER_FRAMEWORKS_DIR)",
				);
				GCC_PRECOMPILE_PREFIX_HEADER = YES;
				GCC_PREFIX_HEADER = "RDMasterDetail/RDMasterDetail-Prefix.pch";
				INFOPLIST_FILE = "RDMasterDetailTests/RDMasterDetailTests-Info.plist";
				PRODUCT_NAME = "$(TARGET_NAME)";
				TEST_HOST = "$(BUNDLE_LOADER)";
				WRAPPER_EXTENSION = xctest;
			};
			name = Release;
		};
/* End XCBuildConfiguration section */

/* Begin XCConfigurationList section */
		C6C3703518EE1CD300996FAC /* Build configuration list for PBXProject "RDMasterDetail" */ = {
			isa = XCConfigurationList;
			buildConfigurations = (
				C6C3706D18EE1CD300996FAC /* Debug */,
				C6C3706E18EE1CD300996FAC /* Release */,
			);
			defaultConfigurationIsVisible = 0;
			defaultConfigurationName = Release;
		};
		C6C3706F18EE1CD300996FAC /* Build configuration list for PBXNativeTarget "RDMasterDetail" */ = {
			isa = XCConfigurationList;
			buildConfigurations = (
				C6C3707018EE1CD300996FAC /* Debug */,
				C6C3707118EE1CD300996FAC /* Release */,
			);
			defaultConfigurationIsVisible = 0;
		};
		C6C3707218EE1CD300996FAC /* Build configuration list for PBXNativeTarget "RDMasterDetailTests" */ = {
			isa = XCConfigurationList;
			buildConfigurations = (
				C6C3707318EE1CD300996FAC /* Debug */,
				C6C3707418EE1CD300996FAC /* Release */,
			);
			defaultConfigurationIsVisible = 0;
		};
/* End XCConfigurationList section */
	};
	rootObject = C6C3703218EE1CD300996FAC /* Project object */;
}
